
Microsoft Visual Studio Solution File, Format Version 12.00
# Visual Studio Version 17
VisualStudioVersion = 17.5.33627.172
MinimumVisualStudioVersion = 10.0.40219.1
Project("{FAE04EC0-301F-11D3-BF4B-00C04F79EFBC}") = "Day11", "Day11\Day11.csproj", "{4E120763-6004-465A-AA25-04FC25AF4C82}"
EndProject
Global
	GlobalSection(SolutionConfigurationPlatforms) = preSolution
		Debug|Any CPU = Debug|Any CPU
		Release|Any CPU = Release|Any CPU
	EndGlobalSection
	GlobalSection(ProjectConfigurationPlatforms) = postSolution
		{4E120763-6004-465A-AA25-04FC25AF4C82}.Debug|Any CPU.ActiveCfg = Debug|Any CPU
		{4E120763-6004-465A-AA25-04FC25AF4C82}.Debug|Any CPU.Build.0 = Debug|Any CPU
		{4E120763-6004-465A-AA25-04FC25AF4C82}.Release|Any CPU.ActiveCfg = Release|Any CPU
		{4E120763-6004-465A-AA25-04FC25AF4C82}.Release|Any CPU.Build.0 = Release|Any CPU
	EndGlobalSection
	GlobalSection(SolutionProperties) = preSolution
		HideSolutionNode = FALSE
	EndGlobalSection
	GlobalSection(ExtensibilityGlobals) = postSolution
		SolutionGuid = {E4A99283-DA6A-47F1-B25E-93673E44C874}
	EndGlobalSection
EndGlobal
