
Microsoft Visual Studio Solution File, Format Version 12.00
# Visual Studio Version 17
VisualStudioVersion = 17.5.33627.172
MinimumVisualStudioVersion = 10.0.40219.1
Project("{FAE04EC0-301F-11D3-BF4B-00C04F79EFBC}") = "Delegate-Day10", "Delegate-Day10\Delegate-Day10.csproj", "{CAEBA4E2-74A3-41D0-A477-3ACE9FB24DD3}"
EndProject
Global
	GlobalSection(SolutionConfigurationPlatforms) = preSolution
		Debug|Any CPU = Debug|Any CPU
		Release|Any CPU = Release|Any CPU
	EndGlobalSection
	GlobalSection(ProjectConfigurationPlatforms) = postSolution
		{CAEBA4E2-74A3-41D0-A477-3ACE9FB24DD3}.Debug|Any CPU.ActiveCfg = Debug|Any CPU
		{CAEBA4E2-74A3-41D0-A477-3ACE9FB24DD3}.Debug|Any CPU.Build.0 = Debug|Any CPU
		{CAEBA4E2-74A3-41D0-A477-3ACE9FB24DD3}.Release|Any CPU.ActiveCfg = Release|Any CPU
		{CAEBA4E2-74A3-41D0-A477-3ACE9FB24DD3}.Release|Any CPU.Build.0 = Release|Any CPU
	EndGlobalSection
	GlobalSection(SolutionProperties) = preSolution
		HideSolutionNode = FALSE
	EndGlobalSection
	GlobalSection(ExtensibilityGlobals) = postSolution
		SolutionGuid = {7FED3B96-F12A-4333-9346-70B5929F7855}
	EndGlobalSection
EndGlobal
